
Microsoft Visual Studio Solution File, Format Version 12.00
# Visual Studio Version 17
VisualStudioVersion = 17.3.32825.248
MinimumVisualStudioVersion = 10.0.40219.1
Project("{FAE04EC0-301F-11D3-BF4B-00C04F79EFBC}") = "NhapTTSinhVien", "NhapTTSinhVien\NhapTTSinhVien.csproj", "{5A2D9587-59D7-4A81-BDDB-5CFB1C65C82C}"
EndProject
Global
	GlobalSection(SolutionConfigurationPlatforms) = preSolution
		Debug|Any CPU = Debug|Any CPU
		Release|Any CPU = Release|Any CPU
	EndGlobalSection
	GlobalSection(ProjectConfigurationPlatforms) = postSolution
		{5A2D9587-59D7-4A81-BDDB-5CFB1C65C82C}.Debug|Any CPU.ActiveCfg = Debug|Any CPU
		{5A2D9587-59D7-4A81-BDDB-5CFB1C65C82C}.Debug|Any CPU.Build.0 = Debug|Any CPU
		{5A2D9587-59D7-4A81-BDDB-5CFB1C65C82C}.Release|Any CPU.ActiveCfg = Release|Any CPU
		{5A2D9587-59D7-4A81-BDDB-5CFB1C65C82C}.Release|Any CPU.Build.0 = Release|Any CPU
	EndGlobalSection
	GlobalSection(SolutionProperties) = preSolution
		HideSolutionNode = FALSE
	EndGlobalSection
	GlobalSection(ExtensibilityGlobals) = postSolution
		SolutionGuid = {5E818A83-560A-4FC1-935B-D0AC547ECC5C}
	EndGlobalSection
EndGlobal
